
Microsoft Visual Studio Solution File, Format Version 12.00
# Visual Studio Version 17
VisualStudioVersion = 17.14.37301.10
MinimumVisualStudioVersion = 10.0.40219.1
Project("{FAE04EC0-301F-11D3-BF4B-00C04F79EFBC}") = "CraftMeshExporter", "CraftMeshExporter\CraftMeshExporter.csproj", "{6D20B95E-5A19-4F4E-B0A1-05EFEE4AE1A1}"
EndProject
Project("{2150E333-8FDC-42A3-9474-1A3956D46DE8}") = "Solution Items", "Solution Items", "{8EC462FD-D22E-90A8-E5CE-7E832BA40C5D}"
	ProjectSection(SolutionItems) = preProject
		buildRelease.bat = buildRelease.bat
		GameData\CraftMeshExporter\MMPatches\CraftMeshExporter.cfg = GameData\CraftMeshExporter\MMPatches\CraftMeshExporter.cfg
		CraftMeshExporter.version = CraftMeshExporter.version
		deploy.bat = deploy.bat
		jenkins.txt = jenkins.txt
		LICENSE.md = LICENSE.md
		README.md = README.md
		TODO.txt = TODO.txt
	EndProjectSection
EndProject
Global
	GlobalSection(SolutionConfigurationPlatforms) = preSolution
		Debug|Any CPU = Debug|Any CPU
		Release|Any CPU = Release|Any CPU
	EndGlobalSection
	GlobalSection(ProjectConfigurationPlatforms) = postSolution
		{6D20B95E-5A19-4F4E-B0A1-05EFEE4AE1A1}.Debug|Any CPU.ActiveCfg = Debug|Any CPU
		{6D20B95E-5A19-4F4E-B0A1-05EFEE4AE1A1}.Debug|Any CPU.Build.0 = Debug|Any CPU
		{6D20B95E-5A19-4F4E-B0A1-05EFEE4AE1A1}.Release|Any CPU.ActiveCfg = Release|Any CPU
		{6D20B95E-5A19-4F4E-B0A1-05EFEE4AE1A1}.Release|Any CPU.Build.0 = Release|Any CPU
	EndGlobalSection
	GlobalSection(SolutionProperties) = preSolution
		HideSolutionNode = FALSE
	EndGlobalSection
	GlobalSection(ExtensibilityGlobals) = postSolution
		SolutionGuid = {6FEAC69F-113F-4C4E-B9FD-BE42324B1698}
	EndGlobalSection
EndGlobal
